
Microsoft Visual Studio Solution File, Format Version 12.00
# Visual Studio 14
VisualStudioVersion = 14.0.25420.1
MinimumVisualStudioVersion = 10.0.40219.1
Project("{2150E333-8FDC-42A3-9474-1A3956D46DE8}") = "01 Presentation", "01 Presentation", "{E446859F-90F6-4274-8F95-F20D7A45EF2D}"
EndProject
Project("{2150E333-8FDC-42A3-9474-1A3956D46DE8}") = "02 Service", "02 Service", "{67CF58A8-6B8E-42F4-A0DB-96A4D69E3867}"
EndProject
Project("{2150E333-8FDC-42A3-9474-1A3956D46DE8}") = "03 Logic", "03 Logic", "{39977A7B-4AD2-45DA-B44C-38B74C90EB24}"
EndProject
Project("{2150E333-8FDC-42A3-9474-1A3956D46DE8}") = "04 Entity", "04 Entity", "{ACD90E5B-7280-4A3C-BBA9-3BD5769C2D06}"
EndProject
Project("{2150E333-8FDC-42A3-9474-1A3956D46DE8}") = "05 Util", "05 Util", "{5C079FB8-B7B1-4AD4-BAD1-BB22DEFF9AC1}"
EndProject
Project("{2150E333-8FDC-42A3-9474-1A3956D46DE8}") = "06 Unit Test", "06 Unit Test", "{66EBA374-B20E-4031-8EAA-C05DF7A3E67C}"
EndProject
Project("{FAE04EC0-301F-11D3-BF4B-00C04F79EFBC}") = "Logger.RestService", "Logger.RestService\Logger.RestService.csproj", "{A0346A22-BAA9-43A7-B14F-75A0D6782794}"
EndProject
Project("{FAE04EC0-301F-11D3-BF4B-00C04F79EFBC}") = "Logger.SCService", "Logger.SCService\Logger.SCService.csproj", "{8FEACAA9-4B16-467D-9292-DA0299860B68}"
EndProject
Project("{FAE04EC0-301F-11D3-BF4B-00C04F79EFBC}") = "Logger.Logic", "Logger.Logic\Logger.Logic.csproj", "{7D6B3387-A4FF-4EAB-A5C3-015D3E840FA8}"
EndProject
Project("{FAE04EC0-301F-11D3-BF4B-00C04F79EFBC}") = "Logger.ILogic", "Logger.ILogic\Logger.ILogic.csproj", "{DED5136E-A837-4AB0-B7A0-FCF5B19DDAEB}"
EndProject
Project("{FAE04EC0-301F-11D3-BF4B-00C04F79EFBC}") = "Logger.Util", "Logger.Util\Logger.Util.csproj", "{D115CE85-94B4-4CD3-B02F-B15A53AC88E5}"
EndProject
Project("{FAE04EC0-301F-11D3-BF4B-00C04F79EFBC}") = "Logger.Entity", "Logger.Entity\Logger.Entity.csproj", "{6C7A8D18-D376-445A-843A-31479626629D}"
EndProject
Project("{FAE04EC0-301F-11D3-BF4B-00C04F79EFBC}") = "Logger.Model", "Logger.Model\Logger.Model.csproj", "{81AE55E9-97CC-4E67-8AD9-81472FF77084}"
EndProject
Project("{FAE04EC0-301F-11D3-BF4B-00C04F79EFBC}") = "Logger.Config", "Logger.Config\Logger.Config.csproj", "{10E4F862-F116-47D1-91F6-1B474BB9BC3E}"
EndProject
Project("{FAE04EC0-301F-11D3-BF4B-00C04F79EFBC}") = "Logger.WebApp", "Logger.WebApp\Logger.WebApp.csproj", "{915227C7-984F-4CBF-AC36-66E43CF53ABB}"
EndProject
Project("{FAE04EC0-301F-11D3-BF4B-00C04F79EFBC}") = "Logger.WebApp.Tests", "Logger.WebApp.Tests\Logger.WebApp.Tests.csproj", "{6058CE20-C5A3-4655-BD8E-B0CAF7BAEC97}"
EndProject
Global
	GlobalSection(SolutionConfigurationPlatforms) = preSolution
		Debug|Any CPU = Debug|Any CPU
		Release|Any CPU = Release|Any CPU
	EndGlobalSection
	GlobalSection(ProjectConfigurationPlatforms) = postSolution
		{A0346A22-BAA9-43A7-B14F-75A0D6782794}.Debug|Any CPU.ActiveCfg = Debug|Any CPU
		{A0346A22-BAA9-43A7-B14F-75A0D6782794}.Debug|Any CPU.Build.0 = Debug|Any CPU
		{A0346A22-BAA9-43A7-B14F-75A0D6782794}.Release|Any CPU.ActiveCfg = Release|Any CPU
		{A0346A22-BAA9-43A7-B14F-75A0D6782794}.Release|Any CPU.Build.0 = Release|Any CPU
		{8FEACAA9-4B16-467D-9292-DA0299860B68}.Debug|Any CPU.ActiveCfg = Debug|Any CPU
		{8FEACAA9-4B16-467D-9292-DA0299860B68}.Debug|Any CPU.Build.0 = Debug|Any CPU
		{8FEACAA9-4B16-467D-9292-DA0299860B68}.Release|Any CPU.ActiveCfg = Release|Any CPU
		{8FEACAA9-4B16-467D-9292-DA0299860B68}.Release|Any CPU.Build.0 = Release|Any CPU
		{7D6B3387-A4FF-4EAB-A5C3-015D3E840FA8}.Debug|Any CPU.ActiveCfg = Debug|Any CPU
		{7D6B3387-A4FF-4EAB-A5C3-015D3E840FA8}.Debug|Any CPU.Build.0 = Debug|Any CPU
		{7D6B3387-A4FF-4EAB-A5C3-015D3E840FA8}.Release|Any CPU.ActiveCfg = Release|Any CPU
		{7D6B3387-A4FF-4EAB-A5C3-015D3E840FA8}.Release|Any CPU.Build.0 = Release|Any CPU
		{DED5136E-A837-4AB0-B7A0-FCF5B19DDAEB}.Debug|Any CPU.ActiveCfg = Debug|Any CPU
		{DED5136E-A837-4AB0-B7A0-FCF5B19DDAEB}.Debug|Any CPU.Build.0 = Debug|Any CPU
		{DED5136E-A837-4AB0-B7A0-FCF5B19DDAEB}.Release|Any CPU.ActiveCfg = Release|Any CPU
		{DED5136E-A837-4AB0-B7A0-FCF5B19DDAEB}.Release|Any CPU.Build.0 = Release|Any CPU
		{D115CE85-94B4-4CD3-B02F-B15A53AC88E5}.Debug|Any CPU.ActiveCfg = Debug|Any CPU
		{D115CE85-94B4-4CD3-B02F-B15A53AC88E5}.Debug|Any CPU.Build.0 = Debug|Any CPU
		{D115CE85-94B4-4CD3-B02F-B15A53AC88E5}.Release|Any CPU.ActiveCfg = Release|Any CPU
		{D115CE85-94B4-4CD3-B02F-B15A53AC88E5}.Release|Any CPU.Build.0 = Release|Any CPU
		{6C7A8D18-D376-445A-843A-31479626629D}.Debug|Any CPU.ActiveCfg = Debug|Any CPU
		{6C7A8D18-D376-445A-843A-31479626629D}.Debug|Any CPU.Build.0 = Debug|Any CPU
		{6C7A8D18-D376-445A-843A-31479626629D}.Release|Any CPU.ActiveCfg = Release|Any CPU
		{6C7A8D18-D376-445A-843A-31479626629D}.Release|Any CPU.Build.0 = Release|Any CPU
		{81AE55E9-97CC-4E67-8AD9-81472FF77084}.Debug|Any CPU.ActiveCfg = Debug|Any CPU
		{81AE55E9-97CC-4E67-8AD9-81472FF77084}.Debug|Any CPU.Build.0 = Debug|Any CPU
		{81AE55E9-97CC-4E67-8AD9-81472FF77084}.Release|Any CPU.ActiveCfg = Release|Any CPU
		{81AE55E9-97CC-4E67-8AD9-81472FF77084}.Release|Any CPU.Build.0 = Release|Any CPU
		{10E4F862-F116-47D1-91F6-1B474BB9BC3E}.Debug|Any CPU.ActiveCfg = Debug|Any CPU
		{10E4F862-F116-47D1-91F6-1B474BB9BC3E}.Debug|Any CPU.Build.0 = Debug|Any CPU
		{10E4F862-F116-47D1-91F6-1B474BB9BC3E}.Release|Any CPU.ActiveCfg = Release|Any CPU
		{10E4F862-F116-47D1-91F6-1B474BB9BC3E}.Release|Any CPU.Build.0 = Release|Any CPU
		{915227C7-984F-4CBF-AC36-66E43CF53ABB}.Debug|Any CPU.ActiveCfg = Debug|Any CPU
		{915227C7-984F-4CBF-AC36-66E43CF53ABB}.Debug|Any CPU.Build.0 = Debug|Any CPU
		{915227C7-984F-4CBF-AC36-66E43CF53ABB}.Release|Any CPU.ActiveCfg = Release|Any CPU
		{915227C7-984F-4CBF-AC36-66E43CF53ABB}.Release|Any CPU.Build.0 = Release|Any CPU
		{6058CE20-C5A3-4655-BD8E-B0CAF7BAEC97}.Debug|Any CPU.ActiveCfg = Debug|Any CPU
		{6058CE20-C5A3-4655-BD8E-B0CAF7BAEC97}.Debug|Any CPU.Build.0 = Debug|Any CPU
		{6058CE20-C5A3-4655-BD8E-B0CAF7BAEC97}.Release|Any CPU.ActiveCfg = Release|Any CPU
		{6058CE20-C5A3-4655-BD8E-B0CAF7BAEC97}.Release|Any CPU.Build.0 = Release|Any CPU
	EndGlobalSection
	GlobalSection(SolutionProperties) = preSolution
		HideSolutionNode = FALSE
	EndGlobalSection
	GlobalSection(NestedProjects) = preSolution
		{A0346A22-BAA9-43A7-B14F-75A0D6782794} = {67CF58A8-6B8E-42F4-A0DB-96A4D69E3867}
		{8FEACAA9-4B16-467D-9292-DA0299860B68} = {67CF58A8-6B8E-42F4-A0DB-96A4D69E3867}
		{7D6B3387-A4FF-4EAB-A5C3-015D3E840FA8} = {39977A7B-4AD2-45DA-B44C-38B74C90EB24}
		{DED5136E-A837-4AB0-B7A0-FCF5B19DDAEB} = {39977A7B-4AD2-45DA-B44C-38B74C90EB24}
		{D115CE85-94B4-4CD3-B02F-B15A53AC88E5} = {5C079FB8-B7B1-4AD4-BAD1-BB22DEFF9AC1}
		{6C7A8D18-D376-445A-843A-31479626629D} = {ACD90E5B-7280-4A3C-BBA9-3BD5769C2D06}
		{81AE55E9-97CC-4E67-8AD9-81472FF77084} = {67CF58A8-6B8E-42F4-A0DB-96A4D69E3867}
		{10E4F862-F116-47D1-91F6-1B474BB9BC3E} = {5C079FB8-B7B1-4AD4-BAD1-BB22DEFF9AC1}
		{915227C7-984F-4CBF-AC36-66E43CF53ABB} = {E446859F-90F6-4274-8F95-F20D7A45EF2D}
		{6058CE20-C5A3-4655-BD8E-B0CAF7BAEC97} = {66EBA374-B20E-4031-8EAA-C05DF7A3E67C}
	EndGlobalSection
EndGlobal
